
Microsoft Visual Studio Solution File, Format Version 12.00
# Visual Studio Version 17
VisualStudioVersion = 17.4.33213.308
MinimumVisualStudioVersion = 10.0.40219.1
Project("{FAE04EC0-301F-11D3-BF4B-00C04F79EFBC}") = "ClassicAsynch", "ClassicAsynch-NewAsynch\ClassicAsynch.csproj", "{D3AA6057-961B-4145-97B6-C29321F9DF71}"
EndProject
Project("{FAE04EC0-301F-11D3-BF4B-00C04F79EFBC}") = "NewAsynch", "NewAsynch\NewAsynch.csproj", "{FB739412-C625-4E0C-A9B2-A322E844F1C6}"
EndProject
Global
	GlobalSection(SolutionConfigurationPlatforms) = preSolution
		Debug|Any CPU = Debug|Any CPU
		Release|Any CPU = Release|Any CPU
	EndGlobalSection
	GlobalSection(ProjectConfigurationPlatforms) = postSolution
		{D3AA6057-961B-4145-97B6-C29321F9DF71}.Debug|Any CPU.ActiveCfg = Debug|Any CPU
		{D3AA6057-961B-4145-97B6-C29321F9DF71}.Debug|Any CPU.Build.0 = Debug|Any CPU
		{D3AA6057-961B-4145-97B6-C29321F9DF71}.Release|Any CPU.ActiveCfg = Release|Any CPU
		{D3AA6057-961B-4145-97B6-C29321F9DF71}.Release|Any CPU.Build.0 = Release|Any CPU
		{FB739412-C625-4E0C-A9B2-A322E844F1C6}.Debug|Any CPU.ActiveCfg = Debug|Any CPU
		{FB739412-C625-4E0C-A9B2-A322E844F1C6}.Debug|Any CPU.Build.0 = Debug|Any CPU
		{FB739412-C625-4E0C-A9B2-A322E844F1C6}.Release|Any CPU.ActiveCfg = Release|Any CPU
		{FB739412-C625-4E0C-A9B2-A322E844F1C6}.Release|Any CPU.Build.0 = Release|Any CPU
	EndGlobalSection
	GlobalSection(SolutionProperties) = preSolution
		HideSolutionNode = FALSE
	EndGlobalSection
	GlobalSection(ExtensibilityGlobals) = postSolution
		SolutionGuid = {5656E580-7BF8-4547-A9B2-DDB0101B5EB1}
	EndGlobalSection
EndGlobal
